// !$*UTF8*$!
{
	archiveVersion = 1;
	classes = {
	};
	objectVersion = 46;
	objects = {

/* Begin PBXBuildFile section */
		8BDA75121C9E710800D05193 /* main.m in Sources */ = {isa = PBXBuildFile; fileRef = 8BDA75111C9E710800D05193 /* main.m */; };
		8BDA75151C9E710800D05193 /* AppDelegate.m in Sources */ = {isa = PBXBuildFile; fileRef = 8BDA75141C9E710800D05193 /* AppDelegate.m */; };
		8BDA75181C9E710800D05193 /* ViewController.m in Sources */ = {isa = PBXBuildFile; fileRef = 8BDA75171C9E710800D05193 /* ViewController.m */; };
		8BDA751B1C9E710800D05193 /* Main.storyboard in Resources */ = {isa = PBXBuildFile; fileRef = 8BDA75191C9E710800D05193 /* Main.storyboard */; };
		8BDA751D1C9E710800D05193 /* Assets.xcassets in Resources */ = {isa = PBXBuildFile; fileRef = 8BDA751C1C9E710800D05193 /* Assets.xcassets */; };
		8BDA75201C9E710800D05193 /* LaunchScreen.storyboard in Resources */ = {isa = PBXBuildFile; fileRef = 8BDA751E1C9E710800D05193 /* LaunchScreen.storyboard */; };
		8BDA752B1C9E710800D05193 /* SWTableViewCell_____Tests.m in Sources */ = {isa = PBXBuildFile; fileRef = 8BDA752A1C9E710800D05193 /* SWTableViewCell_____Tests.m */; };
		8BDA75361C9E710800D05193 /* SWTableViewCell_____UITests.m in Sources */ = {isa = PBXBuildFile; fileRef = 8BDA75351C9E710800D05193 /* SWTableViewCell_____UITests.m */; };
		8BDA75441C9E72ED00D05193 /* Reader in Resources */ = {isa = PBXBuildFile; fileRef = 8BDA75431C9E72ED00D05193 /* Reader */; };
		8BDA75471C9E7CFC00D05193 /* HeaderView.m in Sources */ = {isa = PBXBuildFile; fileRef = 8BDA75461C9E7CFC00D05193 /* HeaderView.m */; };
		A6A4C9BE24A5715235F811B6 /* libPods.a in Frameworks */ = {isa = PBXBuildFile; fileRef = 4F7376BB20A565492E8E7B3D /* libPods.a */; };
/* End PBXBuildFile section */

/* Begin PBXContainerItemProxy section */
		8BDA75271C9E710800D05193 /* PBXContainerItemProxy */ = {
			isa = PBXContainerItemProxy;
			containerPortal = 8BDA75051C9E710800D05193 /* Project object */;
			proxyType = 1;
			remoteGlobalIDString = 8BDA750C1C9E710800D05193;
			remoteInfo = "SWTableViewCell的简单使用";
		};
		8BDA75321C9E710800D05193 /* PBXContainerItemProxy */ = {
			isa = PBXContainerItemProxy;
			containerPortal = 8BDA75051C9E710800D05193 /* Project object */;
			proxyType = 1;
			remoteGlobalIDString = 8BDA750C1C9E710800D05193;
			remoteInfo = "SWTableViewCell的简单使用";
		};
/* End PBXContainerItemProxy section */

/* Begin PBXFileReference section */
		0B822803681BA7BF5B71CE2A /* Pods.release.xcconfig */ = {isa = PBXFileReference; includeInIndex = 1; lastKnownFileType = text.xcconfig; name = Pods.release.xcconfig; path = "Pods/Target Support Files/Pods/Pods.release.xcconfig"; sourceTree = "<group>"; };
		44EB6AAA58334BACFF60D6F1 /* Pods.debug.xcconfig */ = {isa = PBXFileReference; includeInIndex = 1; lastKnownFileType = text.xcconfig; name = Pods.debug.xcconfig; path = "Pods/Target Support Files/Pods/Pods.debug.xcconfig"; sourceTree = "<group>"; };
		4F7376BB20A565492E8E7B3D /* libPods.a */ = {isa = PBXFileReference; explicitFileType = archive.ar; includeInIndex = 0; path = libPods.a; sourceTree = BUILT_PRODUCTS_DIR; };
		8BDA750D1C9E710800D05193 /* SWTableViewCell的简单使用.app */ = {isa = PBXFileReference; explicitFileType = wrapper.application; includeInIndex = 0; path = "SWTableViewCell的简单使用.app"; sourceTree = BUILT_PRODUCTS_DIR; };
		8BDA75111C9E710800D05193 /* main.m */ = {isa = PBXFileReference; lastKnownFileType = sourcecode.c.objc; path = main.m; sourceTree = "<group>"; };
		8BDA75131C9E710800D05193 /* AppDelegate.h */ = {isa = PBXFileReference; lastKnownFileType = sourcecode.c.h; path = AppDelegate.h; sourceTree = "<group>"; };
		8BDA75141C9E710800D05193 /* AppDelegate.m */ = {isa = PBXFileReference; lastKnownFileType = sourcecode.c.objc; path = AppDelegate.m; sourceTree = "<group>"; };
		8BDA75161C9E710800D05193 /* ViewController.h */ = {isa = PBXFileReference; lastKnownFileType = sourcecode.c.h; path = ViewController.h; sourceTree = "<group>"; };
		8BDA75171C9E710800D05193 /* ViewController.m */ = {isa = PBXFileReference; lastKnownFileType = sourcecode.c.objc; path = ViewController.m; sourceTree = "<group>"; };
		8BDA751A1C9E710800D05193 /* Base */ = {isa = PBXFileReference; lastKnownFileType = file.storyboard; name = Base; path = Base.lproj/Main.storyboard; sourceTree = "<group>"; };
		8BDA751C1C9E710800D05193 /* Assets.xcassets */ = {isa = PBXFileReference; lastKnownFileType = folder.assetcatalog; path = Assets.xcassets; sourceTree = "<group>"; };
		8BDA751F1C9E710800D05193 /* Base */ = {isa = PBXFileReference; lastKnownFileType = file.storyboard; name = Base; path = Base.lproj/LaunchScreen.storyboard; sourceTree = "<group>"; };
		8BDA75211C9E710800D05193 /* Info.plist */ = {isa = PBXFileReference; lastKnownFileType = text.plist.xml; path = Info.plist; sourceTree = "<group>"; };
		8BDA75261C9E710800D05193 /* SWTableViewCell的简单使用Tests.xctest */ = {isa = PBXFileReference; explicitFileType = wrapper.cfbundle; includeInIndex = 0; path = "SWTableViewCell的简单使用Tests.xctest"; sourceTree = BUILT_PRODUCTS_DIR; };
		8BDA752A1C9E710800D05193 /* SWTableViewCell_____Tests.m */ = {isa = PBXFileReference; lastKnownFileType = sourcecode.c.objc; path = "SWTableViewCell_____Tests.m"; sourceTree = "<group>"; };
		8BDA752C1C9E710800D05193 /* Info.plist */ = {isa = PBXFileReference; lastKnownFileType = text.plist.xml; path = Info.plist; sourceTree = "<group>"; };
		8BDA75311C9E710800D05193 /* SWTableViewCell的简单使用UITests.xctest */ = {isa = PBXFileReference; explicitFileType = wrapper.cfbundle; includeInIndex = 0; path = "SWTableViewCell的简单使用UITests.xctest"; sourceTree = BUILT_PRODUCTS_DIR; };
		8BDA75351C9E710800D05193 /* SWTableViewCell_____UITests.m */ = {isa = PBXFileReference; lastKnownFileType = sourcecode.c.objc; path = "SWTableViewCell_____UITests.m"; sourceTree = "<group>"; };
		8BDA75371C9E710800D05193 /* Info.plist */ = {isa = PBXFileReference; lastKnownFileType = text.plist.xml; path = Info.plist; sourceTree = "<group>"; };
		8BDA75431C9E72ED00D05193 /* Reader */ = {isa = PBXFileReference; fileEncoding = 4; lastKnownFileType = text; path = Reader; sourceTree = "<group>"; };
		8BDA75451C9E7CFC00D05193 /* HeaderView.h */ = {isa = PBXFileReference; fileEncoding = 4; lastKnownFileType = sourcecode.c.h; path = HeaderView.h; sourceTree = "<group>"; };
		8BDA75461C9E7CFC00D05193 /* HeaderView.m */ = {isa = PBXFileReference; fileEncoding = 4; lastKnownFileType = sourcecode.c.objc; path = HeaderView.m; sourceTree = "<group>"; };
/* End PBXFileReference section */

/* Begin PBXFrameworksBuildPhase section */
		8BDA750A1C9E710800D05193 /* Frameworks */ = {
			isa = PBXFrameworksBuildPhase;
			buildActionMask = 2147483647;
			files = (
				A6A4C9BE24A5715235F811B6 /* libPods.a in Frameworks */,
			);
			runOnlyForDeploymentPostprocessing = 0;
		};
		8BDA75231C9E710800D05193 /* Frameworks */ = {
			isa = PBXFrameworksBuildPhase;
			buildActionMask = 2147483647;
			files = (
			);
			runOnlyForDeploymentPostprocessing = 0;
		};
		8BDA752E1C9E710800D05193 /* Frameworks */ = {
			isa = PBXFrameworksBuildPhase;
			buildActionMask = 2147483647;
			files = (
			);
			runOnlyForDeploymentPostprocessing = 0;
		};
/* End PBXFrameworksBuildPhase section */

/* Begin PBXGroup section */
		1A9FF077AB4F566A8EF72160 /* Frameworks */ = {
			isa = PBXGroup;
			children = (
				4F7376BB20A565492E8E7B3D /* libPods.a */,
			);
			name = Frameworks;
			sourceTree = "<group>";
		};
		8BDA75041C9E710800D05193 = {
			isa = PBXGroup;
			children = (
				8BDA750F1C9E710800D05193 /* SWTableViewCell的简单使用 */,
				8BDA75291C9E710800D05193 /* SWTableViewCell的简单使用Tests */,
				8BDA75341C9E710800D05193 /* SWTableViewCell的简单使用UITests */,
				8BDA750E1C9E710800D05193 /* Products */,
				A2697D2C1350EA8DD7987707 /* Pods */,
				1A9FF077AB4F566A8EF72160 /* Frameworks */,
			);
			sourceTree = "<group>";
		};
		8BDA750E1C9E710800D05193 /* Products */ = {
			isa = PBXGroup;
			children = (
				8BDA750D1C9E710800D05193 /* SWTableViewCell的简单使用.app */,
				8BDA75261C9E710800D05193 /* SWTableViewCell的简单使用Tests.xctest */,
				8BDA75311C9E710800D05193 /* SWTableViewCell的简单使用UITests.xctest */,
			);
			name = Products;
			sourceTree = "<group>";
		};
		8BDA750F1C9E710800D05193 /* SWTableViewCell的简单使用 */ = {
			isa = PBXGroup;
			children = (
				8BDA75431C9E72ED00D05193 /* Reader */,
				8BDA75131C9E710800D05193 /* AppDelegate.h */,
				8BDA75141C9E710800D05193 /* AppDelegate.m */,
				8BDA75161C9E710800D05193 /* ViewController.h */,
				8BDA75171C9E710800D05193 /* ViewController.m */,
				8BDA75451C9E7CFC00D05193 /* HeaderView.h */,
				8BDA75461C9E7CFC00D05193 /* HeaderView.m */,
				8BDA75191C9E710800D05193 /* Main.storyboard */,
				8BDA751C1C9E710800D05193 /* Assets.xcassets */,
				8BDA751E1C9E710800D05193 /* LaunchScreen.storyboard */,
				8BDA75211C9E710800D05193 /* Info.plist */,
				8BDA75101C9E710800D05193 /* Supporting Files */,
			);
			path = "SWTableViewCell的简单使用";
			sourceTree = "<group>";
		};
		8BDA75101C9E710800D05193 /* Supporting Files */ = {
			isa = PBXGroup;
			children = (
				8BDA75111C9E710800D05193 /* main.m */,
			);
			name = "Supporting Files";
			sourceTree = "<group>";
		};
		8BDA75291C9E710800D05193 /* SWTableViewCell的简单使用Tests */ = {
			isa = PBXGroup;
			children = (
				8BDA752A1C9E710800D05193 /* SWTableViewCell_____Tests.m */,
				8BDA752C1C9E710800D05193 /* Info.plist */,
			);
			path = "SWTableViewCell的简单使用Tests";
			sourceTree = "<group>";
		};
		8BDA75341C9E710800D05193 /* SWTableViewCell的简单使用UITests */ = {
			isa = PBXGroup;
			children = (
				8BDA75351C9E710800D05193 /* SWTableViewCell_____UITests.m */,
				8BDA75371C9E710800D05193 /* Info.plist */,
			);
			path = "SWTableViewCell的简单使用UITests";
			sourceTree = "<group>";
		};
		A2697D2C1350EA8DD7987707 /* Pods */ = {
			isa = PBXGroup;
			children = (
				44EB6AAA58334BACFF60D6F1 /* Pods.debug.xcconfig */,
				0B822803681BA7BF5B71CE2A /* Pods.release.xcconfig */,
			);
			name = Pods;
			sourceTree = "<group>";
		};
/* End PBXGroup section */

/* Begin PBXNativeTarget section */
		8BDA750C1C9E710800D05193 /* SWTableViewCell的简单使用 */ = {
			isa = PBXNativeTarget;
			buildConfigurationList = 8BDA753A1C9E710800D05193 /* Build configuration list for PBXNativeTarget "SWTableViewCell的简单使用" */;
			buildPhases = (
				FD89098B55F1795B1D532A04 /* Check Pods Manifest.lock */,
				8BDA75091C9E710800D05193 /* Sources */,
				8BDA750A1C9E710800D05193 /* Frameworks */,
				8BDA750B1C9E710800D05193 /* Resources */,
				9196239131642C6396FEB118 /* Embed Pods Frameworks */,
				0C5D03F6C951338EF1DE9618 /* Copy Pods Resources */,
			);
			buildRules = (
			);
			dependencies = (
			);
			name = "SWTableViewCell的简单使用";
			productName = "SWTableViewCell的简单使用";
			productReference = 8BDA750D1C9E710800D05193 /* SWTableViewCell的简单使用.app */;
			productType = "com.apple.product-type.application";
		};
		8BDA75251C9E710800D05193 /* SWTableViewCell的简单使用Tests */ = {
			isa = PBXNativeTarget;
			buildConfigurationList = 8BDA753D1C9E710800D05193 /* Build configuration list for PBXNativeTarget "SWTableViewCell的简单使用Tests" */;
			buildPhases = (
				8BDA75221C9E710800D05193 /* Sources */,
				8BDA75231C9E710800D05193 /* Frameworks */,
				8BDA75241C9E710800D05193 /* Resources */,
			);
			buildRules = (
			);
			dependencies = (
				8BDA75281C9E710800D05193 /* PBXTargetDependency */,
			);
			name = "SWTableViewCell的简单使用Tests";
			productName = "SWTableViewCell的简单使用Tests";
			productReference = 8BDA75261C9E710800D05193 /* SWTableViewCell的简单使用Tests.xctest */;
			productType = "com.apple.product-type.bundle.unit-test";
		};
		8BDA75301C9E710800D05193 /* SWTableViewCell的简单使用UITests */ = {
			isa = PBXNativeTarget;
			buildConfigurationList = 8BDA75401C9E710800D05193 /* Build configuration list for PBXNativeTarget "SWTableViewCell的简单使用UITests" */;
			buildPhases = (
				8BDA752D1C9E710800D05193 /* Sources */,
				8BDA752E1C9E710800D05193 /* Frameworks */,
				8BDA752F1C9E710800D05193 /* Resources */,
			);
			buildRules = (
			);
			dependencies = (
				8BDA75331C9E710800D05193 /* PBXTargetDependency */,
			);
			name = "SWTableViewCell的简单使用UITests";
			productName = "SWTableViewCell的简单使用UITests";
			productReference = 8BDA75311C9E710800D05193 /* SWTableViewCell的简单使用UITests.xctest */;
			productType = "com.apple.product-type.bundle.ui-testing";
		};
/* End PBXNativeTarget section */

/* Begin PBXProject section */
		8BDA75051C9E710800D05193 /* Project object */ = {
			isa = PBXProject;
			attributes = {
				LastUpgradeCheck = 0720;
				ORGANIZATIONNAME = zhangxu;
				TargetAttributes = {
					8BDA750C1C9E710800D05193 = {
						CreatedOnToolsVersion = 7.2.1;
					};
					8BDA75251C9E710800D05193 = {
						CreatedOnToolsVersion = 7.2.1;
						TestTargetID = 8BDA750C1C9E710800D05193;
					};
					8BDA75301C9E710800D05193 = {
						CreatedOnToolsVersion = 7.2.1;
						TestTargetID = 8BDA750C1C9E710800D05193;
					};
				};
			};
			buildConfigurationList = 8BDA75081C9E710800D05193 /* Build configuration list for PBXProject "SWTableViewCell的简单使用" */;
			compatibilityVersion = "Xcode 3.2";
			developmentRegion = English;
			hasScannedForEncodings = 0;
			knownRegions = (
				en,
				Base,
			);
			mainGroup = 8BDA75041C9E710800D05193;
			productRefGroup = 8BDA750E1C9E710800D05193 /* Products */;
			projectDirPath = "";
			projectRoot = "";
			targets = (
				8BDA750C1C9E710800D05193 /* SWTableViewCell的简单使用 */,
				8BDA75251C9E710800D05193 /* SWTableViewCell的简单使用Tests */,
				8BDA75301C9E710800D05193 /* SWTableViewCell的简单使用UITests */,
			);
		};
/* End PBXProject section */

/* Begin PBXResourcesBuildPhase section */
		8BDA750B1C9E710800D05193 /* Resources */ = {
			isa = PBXResourcesBuildPhase;
			buildActionMask = 2147483647;
			files = (
				8BDA75201C9E710800D05193 /* LaunchScreen.storyboard in Resources */,
				8BDA75441C9E72ED00D05193 /* Reader in Resources */,
				8BDA751D1C9E710800D05193 /* Assets.xcassets in Resources */,
				8BDA751B1C9E710800D05193 /* Main.storyboard in Resources */,
			);
			runOnlyForDeploymentPostprocessing = 0;
		};
		8BDA75241C9E710800D05193 /* Resources */ = {
			isa = PBXResourcesBuildPhase;
			buildActionMask = 2147483647;
			files = (
			);
			runOnlyForDeploymentPostprocessing = 0;
		};
		8BDA752F1C9E710800D05193 /* Resources */ = {
			isa = PBXResourcesBuildPhase;
			buildActionMask = 2147483647;
			files = (
			);
			runOnlyForDeploymentPostprocessing = 0;
		};
/* End PBXResourcesBuildPhase section */

/* Begin PBXShellScriptBuildPhase section */
		0C5D03F6C951338EF1DE9618 /* Copy Pods Resources */ = {
			isa = PBXShellScriptBuildPhase;
			buildActionMask = 2147483647;
			files = (
			);
			inputPaths = (
			);
			name = "Copy Pods Resources";
			outputPaths = (
			);
			runOnlyForDeploymentPostprocessing = 0;
			shellPath = /bin/sh;
			shellScript = "\"${SRCROOT}/Pods/Target Support Files/Pods/Pods-resources.sh\"\n";
			showEnvVarsInLog = 0;
		};
		9196239131642C6396FEB118 /* Embed Pods Frameworks */ = {
			isa = PBXShellScriptBuildPhase;
			buildActionMask = 2147483647;
			files = (
			);
			inputPaths = (
			);
			name = "Embed Pods Frameworks";
			outputPaths = (
			);
			runOnlyForDeploymentPostprocessing = 0;
			shellPath = /bin/sh;
			shellScript = "\"${SRCROOT}/Pods/Target Support Files/Pods/Pods-frameworks.sh\"\n";
			showEnvVarsInLog = 0;
		};
		FD89098B55F1795B1D532A04 /* Check Pods Manifest.lock */ = {
			isa = PBXShellScriptBuildPhase;
			buildActionMask = 2147483647;
			files = (
			);
			inputPaths = (
			);
			name = "Check Pods Manifest.lock";
			outputPaths = (
			);
			runOnlyForDeploymentPostprocessing = 0;
			shellPath = /bin/sh;
			shellScript = "diff \"${PODS_ROOT}/../Podfile.lock\" \"${PODS_ROOT}/Manifest.lock\" > /dev/null\nif [[ $? != 0 ]] ; then\n    cat << EOM\nerror: The sandbox is not in sync with the Podfile.lock. Run 'pod install' or update your CocoaPods installation.\nEOM\n    exit 1\nfi\n";
			showEnvVarsInLog = 0;
		};
/* End PBXShellScriptBuildPhase section */

/* Begin PBXSourcesBuildPhase section */
		8BDA75091C9E710800D05193 /* Sources */ = {
			isa = PBXSourcesBuildPhase;
			buildActionMask = 2147483647;
			files = (
				8BDA75181C9E710800D05193 /* ViewController.m in Sources */,
				8BDA75151C9E710800D05193 /* AppDelegate.m in Sources */,
				8BDA75121C9E710800D05193 /* main.m in Sources */,
				8BDA75471C9E7CFC00D05193 /* HeaderView.m in Sources */,
			);
			runOnlyForDeploymentPostprocessing = 0;
		};
		8BDA75221C9E710800D05193 /* Sources */ = {
			isa = PBXSourcesBuildPhase;
			buildActionMask = 2147483647;
			files = (
				8BDA752B1C9E710800D05193 /* SWTableViewCell_____Tests.m in Sources */,
			);
			runOnlyForDeploymentPostprocessing = 0;
		};
		8BDA752D1C9E710800D05193 /* Sources */ = {
			isa = PBXSourcesBuildPhase;
			buildActionMask = 2147483647;
			files = (
				8BDA75361C9E710800D05193 /* SWTableViewCell_____UITests.m in Sources */,
			);
			runOnlyForDeploymentPostprocessing = 0;
		};
/* End PBXSourcesBuildPhase section */

/* Begin PBXTargetDependency section */
		8BDA75281C9E710800D05193 /* PBXTargetDependency */ = {
			isa = PBXTargetDependency;
			target = 8BDA750C1C9E710800D05193 /* SWTableViewCell的简单使用 */;
			targetProxy = 8BDA75271C9E710800D05193 /* PBXContainerItemProxy */;
		};
		8BDA75331C9E710800D05193 /* PBXTargetDependency */ = {
			isa = PBXTargetDependency;
			target = 8BDA750C1C9E710800D05193 /* SWTableViewCell的简单使用 */;
			targetProxy = 8BDA75321C9E710800D05193 /* PBXContainerItemProxy */;
		};
/* End PBXTargetDependency section */

/* Begin PBXVariantGroup section */
		8BDA75191C9E710800D05193 /* Main.storyboard */ = {
			isa = PBXVariantGroup;
			children = (
				8BDA751A1C9E710800D05193 /* Base */,
			);
			name = Main.storyboard;
			sourceTree = "<group>";
		};
		8BDA751E1C9E710800D05193 /* LaunchScreen.storyboard */ = {
			isa = PBXVariantGroup;
			children = (
				8BDA751F1C9E710800D05193 /* Base */,
			);
			name = LaunchScreen.storyboard;
			sourceTree = "<group>";
		};
/* End PBXVariantGroup section */

/* Begin XCBuildConfiguration section */
		8BDA75381C9E710800D05193 /* Debug */ = {
			isa = XCBuildConfiguration;
			buildSettings = {
				ALWAYS_SEARCH_USER_PATHS = NO;
				CLANG_CXX_LANGUAGE_STANDARD = "gnu++0x";
				CLANG_CXX_LIBRARY = "libc++";
				CLANG_ENABLE_MODULES = YES;
				CLANG_ENABLE_OBJC_ARC = YES;
				CLANG_WARN_BOOL_CONVERSION = YES;
				CLANG_WARN_CONSTANT_CONVERSION = YES;
				CLANG_WARN_DIRECT_OBJC_ISA_USAGE = YES_ERROR;
				CLANG_WARN_EMPTY_BODY = YES;
				CLANG_WARN_ENUM_CONVERSION = YES;
				CLANG_WARN_INT_CONVERSION = YES;
				CLANG_WARN_OBJC_ROOT_CLASS = YES_ERROR;
				CLANG_WARN_UNREACHABLE_CODE = YES;
				CLANG_WARN__DUPLICATE_METHOD_MATCH = YES;
				"CODE_SIGN_IDENTITY[sdk=iphoneos*]" = "iPhone Developer";
				COPY_PHASE_STRIP = NO;
				DEBUG_INFORMATION_FORMAT = dwarf;
				ENABLE_STRICT_OBJC_MSGSEND = YES;
				ENABLE_TESTABILITY = YES;
				GCC_C_LANGUAGE_STANDARD = gnu99;
				GCC_DYNAMIC_NO_PIC = NO;
				GCC_NO_COMMON_BLOCKS = YES;
				GCC_OPTIMIZATION_LEVEL = 0;
				GCC_PREPROCESSOR_DEFINITIONS = (
					"DEBUG=1",
					"$(inherited)",
				);
				GCC_WARN_64_TO_32_BIT_CONVERSION = YES;
				GCC_WARN_ABOUT_RETURN_TYPE = YES_ERROR;
				GCC_WARN_UNDECLARED_SELECTOR = YES;
				GCC_WARN_UNINITIALIZED_AUTOS = YES_AGGRESSIVE;
				GCC_WARN_UNUSED_FUNCTION = YES;
				GCC_WARN_UNUSED_VARIABLE = YES;
				IPHONEOS_DEPLOYMENT_TARGET = 9.2;
				MTL_ENABLE_DEBUG_INFO = YES;
				ONLY_ACTIVE_ARCH = YES;
				SDKROOT = iphoneos;
			};
			name = Debug;
		};
		8BDA75391C9E710800D05193 /* Release */ = {
			isa = XCBuildConfiguration;
			buildSettings = {
				ALWAYS_SEARCH_USER_PATHS = NO;
				CLANG_CXX_LANGUAGE_STANDARD = "gnu++0x";
				CLANG_CXX_LIBRARY = "libc++";
				CLANG_ENABLE_MODULES = YES;
				CLANG_ENABLE_OBJC_ARC = YES;
				CLANG_WARN_BOOL_CONVERSION = YES;
				CLANG_WARN_CONSTANT_CONVERSION = YES;
				CLANG_WARN_DIRECT_OBJC_ISA_USAGE = YES_ERROR;
				CLANG_WARN_EMPTY_BODY = YES;
				CLANG_WARN_ENUM_CONVERSION = YES;
				CLANG_WARN_INT_CONVERSION = YES;
				CLANG_WARN_OBJC_ROOT_CLASS = YES_ERROR;
				CLANG_WARN_UNREACHABLE_CODE = YES;
				CLANG_WARN__DUPLICATE_METHOD_MATCH = YES;
				"CODE_SIGN_IDENTITY[sdk=iphoneos*]" = "iPhone Developer";
				COPY_PHASE_STRIP = NO;
				DEBUG_INFORMATION_FORMAT = "dwarf-with-dsym";
				ENABLE_NS_ASSERTIONS = NO;
				ENABLE_STRICT_OBJC_MSGSEND = YES;
				GCC_C_LANGUAGE_STANDARD = gnu99;
				GCC_NO_COMMON_BLOCKS = YES;
				GCC_WARN_64_TO_32_BIT_CONVERSION = YES;
				GCC_WARN_ABOUT_RETURN_TYPE = YES_ERROR;
				GCC_WARN_UNDECLARED_SELECTOR = YES;
				GCC_WARN_UNINITIALIZED_AUTOS = YES_AGGRESSIVE;
				GCC_WARN_UNUSED_FUNCTION = YES;
				GCC_WARN_UNUSED_VARIABLE = YES;
				IPHONEOS_DEPLOYMENT_TARGET = 9.2;
				MTL_ENABLE_DEBUG_INFO = NO;
				SDKROOT = iphoneos;
				VALIDATE_PRODUCT = YES;
			};
			name = Release;
		};
		8BDA753B1C9E710800D05193 /* Debug */ = {
			isa = XCBuildConfiguration;
			baseConfigurationReference = 44EB6AAA58334BACFF60D6F1 /* Pods.debug.xcconfig */;
			buildSettings = {
				ASSETCATALOG_COMPILER_APPICON_NAME = AppIcon;
				INFOPLIST_FILE = "SWTableViewCell的简单使用/Info.plist";
				LD_RUNPATH_SEARCH_PATHS = "$(inherited) @executable_path/Frameworks";
				PRODUCT_BUNDLE_IDENTIFIER = "com.aa.SWTableViewCell-----";
				PRODUCT_NAME = "$(TARGET_NAME)";
			};
			name = Debug;
		};
		8BDA753C1C9E710800D05193 /* Release */ = {
			isa = XCBuildConfiguration;
			baseConfigurationReference = 0B822803681BA7BF5B71CE2A /* Pods.release.xcconfig */;
			buildSettings = {
				ASSETCATALOG_COMPILER_APPICON_NAME = AppIcon;
				INFOPLIST_FILE = "SWTableViewCell的简单使用/Info.plist";
				LD_RUNPATH_SEARCH_PATHS = "$(inherited) @executable_path/Frameworks";
				PRODUCT_BUNDLE_IDENTIFIER = "com.aa.SWTableViewCell-----";
				PRODUCT_NAME = "$(TARGET_NAME)";
			};
			name = Release;
		};
		8BDA753E1C9E710800D05193 /* Debug */ = {
			isa = XCBuildConfiguration;
			buildSettings = {
				BUNDLE_LOADER = "$(TEST_HOST)";
				INFOPLIST_FILE = "SWTableViewCell的简单使用Tests/Info.plist";
				LD_RUNPATH_SEARCH_PATHS = "$(inherited) @executable_path/Frameworks @loader_path/Frameworks";
				PRODUCT_BUNDLE_IDENTIFIER = "com.aa.SWTableViewCell-----Tests";
				PRODUCT_NAME = "$(TARGET_NAME)";
				TEST_HOST = "$(BUILT_PRODUCTS_DIR)/SWTableViewCell的简单使用.app/SWTableViewCell的简单使用";
			};
			name = Debug;
		};
		8BDA753F1C9E710800D05193 /* Release */ = {
			isa = XCBuildConfiguration;
			buildSettings = {
				BUNDLE_LOADER = "$(TEST_HOST)";
				INFOPLIST_FILE = "SWTableViewCell的简单使用Tests/Info.plist";
				LD_RUNPATH_SEARCH_PATHS = "$(inherited) @executable_path/Frameworks @loader_path/Frameworks";
				PRODUCT_BUNDLE_IDENTIFIER = "com.aa.SWTableViewCell-----Tests";
				PRODUCT_NAME = "$(TARGET_NAME)";
				TEST_HOST = "$(BUILT_PRODUCTS_DIR)/SWTableViewCell的简单使用.app/SWTableViewCell的简单使用";
			};
			name = Release;
		};
		8BDA75411C9E710800D05193 /* Debug */ = {
			isa = XCBuildConfiguration;
			buildSettings = {
				INFOPLIST_FILE = "SWTableViewCell的简单使用UITests/Info.plist";
				LD_RUNPATH_SEARCH_PATHS = "$(inherited) @executable_path/Frameworks @loader_path/Frameworks";
				PRODUCT_BUNDLE_IDENTIFIER = "com.aa.SWTableViewCell-----UITests";
				PRODUCT_NAME = "$(TARGET_NAME)";
				TEST_TARGET_NAME = "SWTableViewCell的简单使用";
				USES_XCTRUNNER = YES;
			};
			name = Debug;
		};
		8BDA75421C9E710800D05193 /* Release */ = {
			isa = XCBuildConfiguration;
			buildSettings = {
				INFOPLIST_FILE = "SWTableViewCell的简单使用UITests/Info.plist";
				LD_RUNPATH_SEARCH_PATHS = "$(inherited) @executable_path/Frameworks @loader_path/Frameworks";
				PRODUCT_BUNDLE_IDENTIFIER = "com.aa.SWTableViewCell-----UITests";
				PRODUCT_NAME = "$(TARGET_NAME)";
				TEST_TARGET_NAME = "SWTableViewCell的简单使用";
				USES_XCTRUNNER = YES;
			};
			name = Release;
		};
/* End XCBuildConfiguration section */

/* Begin XCConfigurationList section */
		8BDA75081C9E710800D05193 /* Build configuration list for PBXProject "SWTableViewCell的简单使用" */ = {
			isa = XCConfigurationList;
			buildConfigurations = (
				8BDA75381C9E710800D05193 /* Debug */,
				8BDA75391C9E710800D05193 /* Release */,
			);
			defaultConfigurationIsVisible = 0;
			defaultConfigurationName = Release;
		};
		8BDA753A1C9E710800D05193 /* Build configuration list for PBXNativeTarget "SWTableViewCell的简单使用" */ = {
			isa = XCConfigurationList;
			buildConfigurations = (
				8BDA753B1C9E710800D05193 /* Debug */,
				8BDA753C1C9E710800D05193 /* Release */,
			);
			defaultConfigurationIsVisible = 0;
			defaultConfigurationName = Release;
		};
		8BDA753D1C9E710800D05193 /* Build configuration list for PBXNativeTarget "SWTableViewCell的简单使用Tests" */ = {
			isa = XCConfigurationList;
			buildConfigurations = (
				8BDA753E1C9E710800D05193 /* Debug */,
				8BDA753F1C9E710800D05193 /* Release */,
			);
			defaultConfigurationIsVisible = 0;
			defaultConfigurationName = Release;
		};
		8BDA75401C9E710800D05193 /* Build configuration list for PBXNativeTarget "SWTableViewCell的简单使用UITests" */ = {
			isa = XCConfigurationList;
			buildConfigurations = (
				8BDA75411C9E710800D05193 /* Debug */,
				8BDA75421C9E710800D05193 /* Release */,
			);
			defaultConfigurationIsVisible = 0;
			defaultConfigurationName = Release;
		};
/* End XCConfigurationList section */
	};
	rootObject = 8BDA75051C9E710800D05193 /* Project object */;
}
